// !$*UTF8*$!
{
	archiveVersion = 1;
	classes = {
	};
	objectVersion = 46;
	objects = {

/* Begin PBXBuildFile section */
		D263642B1EA9E38B00C4ED29 /* main.m in Sources */ = {isa = PBXBuildFile; fileRef = D263642A1EA9E38B00C4ED29 /* main.m */; };
		D263642E1EA9E38B00C4ED29 /* AppDelegate.m in Sources */ = {isa = PBXBuildFile; fileRef = D263642D1EA9E38B00C4ED29 /* AppDelegate.m */; };
		D26364311EA9E38B00C4ED29 /* ViewController.m in Sources */ = {isa = PBXBuildFile; fileRef = D26364301EA9E38B00C4ED29 /* ViewController.m */; };
		D26364341EA9E38B00C4ED29 /* Main.storyboard in Resources */ = {isa = PBXBuildFile; fileRef = D26364321EA9E38B00C4ED29 /* Main.storyboard */; };
		D26364361EA9E38B00C4ED29 /* Assets.xcassets in Resources */ = {isa = PBXBuildFile; fileRef = D26364351EA9E38B00C4ED29 /* Assets.xcassets */; };
		D26364391EA9E38B00C4ED29 /* LaunchScreen.storyboard in Resources */ = {isa = PBXBuildFile; fileRef = D26364371EA9E38B00C4ED29 /* LaunchScreen.storyboard */; };
		D26364441EA9E38B00C4ED29 /* _____Tests.m in Sources */ = {isa = PBXBuildFile; fileRef = D26364431EA9E38B00C4ED29 /* _____Tests.m */; };
		D263644F1EA9E38B00C4ED29 /* _____UITests.m in Sources */ = {isa = PBXBuildFile; fileRef = D263644E1EA9E38B00C4ED29 /* _____UITests.m */; };
		D26364801EA9E4E400C4ED29 /* MChartView.m in Sources */ = {isa = PBXBuildFile; fileRef = D263647F1EA9E4E400C4ED29 /* MChartView.m */; };
		D26364831EA9F87C00C4ED29 /* MChartMainView.m in Sources */ = {isa = PBXBuildFile; fileRef = D26364821EA9F87C00C4ED29 /* MChartMainView.m */; };
/* End PBXBuildFile section */

/* Begin PBXContainerItemProxy section */
		D26364401EA9E38B00C4ED29 /* PBXContainerItemProxy */ = {
			isa = PBXContainerItemProxy;
			containerPortal = D263641E1EA9E38B00C4ED29 /* Project object */;
			proxyType = 1;
			remoteGlobalIDString = D26364251EA9E38B00C4ED29;
			remoteInfo = "胎心监测图";
		};
		D263644B1EA9E38B00C4ED29 /* PBXContainerItemProxy */ = {
			isa = PBXContainerItemProxy;
			containerPortal = D263641E1EA9E38B00C4ED29 /* Project object */;
			proxyType = 1;
			remoteGlobalIDString = D26364251EA9E38B00C4ED29;
			remoteInfo = "胎心监测图";
		};
/* End PBXContainerItemProxy section */

/* Begin PBXFileReference section */
		D26364261EA9E38B00C4ED29 /* 胎心监测图.app */ = {isa = PBXFileReference; explicitFileType = wrapper.application; includeInIndex = 0; path = "胎心监测图.app"; sourceTree = BUILT_PRODUCTS_DIR; };
		D263642A1EA9E38B00C4ED29 /* main.m */ = {isa = PBXFileReference; lastKnownFileType = sourcecode.c.objc; path = main.m; sourceTree = "<group>"; };
		D263642C1EA9E38B00C4ED29 /* AppDelegate.h */ = {isa = PBXFileReference; lastKnownFileType = sourcecode.c.h; path = AppDelegate.h; sourceTree = "<group>"; };
		D263642D1EA9E38B00C4ED29 /* AppDelegate.m */ = {isa = PBXFileReference; lastKnownFileType = sourcecode.c.objc; path = AppDelegate.m; sourceTree = "<group>"; };
		D263642F1EA9E38B00C4ED29 /* ViewController.h */ = {isa = PBXFileReference; lastKnownFileType = sourcecode.c.h; path = ViewController.h; sourceTree = "<group>"; };
		D26364301EA9E38B00C4ED29 /* ViewController.m */ = {isa = PBXFileReference; lastKnownFileType = sourcecode.c.objc; path = ViewController.m; sourceTree = "<group>"; };
		D26364331EA9E38B00C4ED29 /* Base */ = {isa = PBXFileReference; lastKnownFileType = file.storyboard; name = Base; path = Base.lproj/Main.storyboard; sourceTree = "<group>"; };
		D26364351EA9E38B00C4ED29 /* Assets.xcassets */ = {isa = PBXFileReference; lastKnownFileType = folder.assetcatalog; path = Assets.xcassets; sourceTree = "<group>"; };
		D26364381EA9E38B00C4ED29 /* Base */ = {isa = PBXFileReference; lastKnownFileType = file.storyboard; name = Base; path = Base.lproj/LaunchScreen.storyboard; sourceTree = "<group>"; };
		D263643A1EA9E38B00C4ED29 /* Info.plist */ = {isa = PBXFileReference; lastKnownFileType = text.plist.xml; path = Info.plist; sourceTree = "<group>"; };
		D263643F1EA9E38B00C4ED29 /* 胎心监测图Tests.xctest */ = {isa = PBXFileReference; explicitFileType = wrapper.cfbundle; includeInIndex = 0; path = "胎心监测图Tests.xctest"; sourceTree = BUILT_PRODUCTS_DIR; };
		D26364431EA9E38B00C4ED29 /* _____Tests.m */ = {isa = PBXFileReference; lastKnownFileType = sourcecode.c.objc; path = "_____Tests.m"; sourceTree = "<group>"; };
		D26364451EA9E38B00C4ED29 /* Info.plist */ = {isa = PBXFileReference; lastKnownFileType = text.plist.xml; path = Info.plist; sourceTree = "<group>"; };
		D263644A1EA9E38B00C4ED29 /* 胎心监测图UITests.xctest */ = {isa = PBXFileReference; explicitFileType = wrapper.cfbundle; includeInIndex = 0; path = "胎心监测图UITests.xctest"; sourceTree = BUILT_PRODUCTS_DIR; };
		D263644E1EA9E38B00C4ED29 /* _____UITests.m */ = {isa = PBXFileReference; lastKnownFileType = sourcecode.c.objc; path = "_____UITests.m"; sourceTree = "<group>"; };
		D26364501EA9E38B00C4ED29 /* Info.plist */ = {isa = PBXFileReference; lastKnownFileType = text.plist.xml; path = Info.plist; sourceTree = "<group>"; };
		D263647E1EA9E4E400C4ED29 /* MChartView.h */ = {isa = PBXFileReference; fileEncoding = 4; lastKnownFileType = sourcecode.c.h; path = MChartView.h; sourceTree = "<group>"; };
		D263647F1EA9E4E400C4ED29 /* MChartView.m */ = {isa = PBXFileReference; fileEncoding = 4; lastKnownFileType = sourcecode.c.objc; path = MChartView.m; sourceTree = "<group>"; };
		D26364811EA9F87C00C4ED29 /* MChartMainView.h */ = {isa = PBXFileReference; fileEncoding = 4; lastKnownFileType = sourcecode.c.h; path = MChartMainView.h; sourceTree = "<group>"; };
		D26364821EA9F87C00C4ED29 /* MChartMainView.m */ = {isa = PBXFileReference; fileEncoding = 4; lastKnownFileType = sourcecode.c.objc; path = MChartMainView.m; sourceTree = "<group>"; };
/* End PBXFileReference section */

/* Begin PBXFrameworksBuildPhase section */
		D26364231EA9E38B00C4ED29 /* Frameworks */ = {
			isa = PBXFrameworksBuildPhase;
			buildActionMask = 2147483647;
			files = (
			);
			runOnlyForDeploymentPostprocessing = 0;
		};
		D263643C1EA9E38B00C4ED29 /* Frameworks */ = {
			isa = PBXFrameworksBuildPhase;
			buildActionMask = 2147483647;
			files = (
			);
			runOnlyForDeploymentPostprocessing = 0;
		};
		D26364471EA9E38B00C4ED29 /* Frameworks */ = {
			isa = PBXFrameworksBuildPhase;
			buildActionMask = 2147483647;
			files = (
			);
			runOnlyForDeploymentPostprocessing = 0;
		};
/* End PBXFrameworksBuildPhase section */

/* Begin PBXGroup section */
		D263641D1EA9E38B00C4ED29 = {
			isa = PBXGroup;
			children = (
				D26364281EA9E38B00C4ED29 /* 胎心监测图 */,
				D26364421EA9E38B00C4ED29 /* 胎心监测图Tests */,
				D263644D1EA9E38B00C4ED29 /* 胎心监测图UITests */,
				D26364271EA9E38B00C4ED29 /* Products */,
			);
			sourceTree = "<group>";
		};
		D26364271EA9E38B00C4ED29 /* Products */ = {
			isa = PBXGroup;
			children = (
				D26364261EA9E38B00C4ED29 /* 胎心监测图.app */,
				D263643F1EA9E38B00C4ED29 /* 胎心监测图Tests.xctest */,
				D263644A1EA9E38B00C4ED29 /* 胎心监测图UITests.xctest */,
			);
			name = Products;
			sourceTree = "<group>";
		};
		D26364281EA9E38B00C4ED29 /* 胎心监测图 */ = {
			isa = PBXGroup;
			children = (
				D263647D1EA9E4C300C4ED29 /* MChart */,
				D263642C1EA9E38B00C4ED29 /* AppDelegate.h */,
				D263642D1EA9E38B00C4ED29 /* AppDelegate.m */,
				D263642F1EA9E38B00C4ED29 /* ViewController.h */,
				D26364301EA9E38B00C4ED29 /* ViewController.m */,
				D26364321EA9E38B00C4ED29 /* Main.storyboard */,
				D26364351EA9E38B00C4ED29 /* Assets.xcassets */,
				D26364371EA9E38B00C4ED29 /* LaunchScreen.storyboard */,
				D263643A1EA9E38B00C4ED29 /* Info.plist */,
				D26364291EA9E38B00C4ED29 /* Supporting Files */,
			);
			path = "胎心监测图";
			sourceTree = "<group>";
		};
		D26364291EA9E38B00C4ED29 /* Supporting Files */ = {
			isa = PBXGroup;
			children = (
				D263642A1EA9E38B00C4ED29 /* main.m */,
			);
			name = "Supporting Files";
			sourceTree = "<group>";
		};
		D26364421EA9E38B00C4ED29 /* 胎心监测图Tests */ = {
			isa = PBXGroup;
			children = (
				D26364431EA9E38B00C4ED29 /* _____Tests.m */,
				D26364451EA9E38B00C4ED29 /* Info.plist */,
			);
			path = "胎心监测图Tests";
			sourceTree = "<group>";
		};
		D263644D1EA9E38B00C4ED29 /* 胎心监测图UITests */ = {
			isa = PBXGroup;
			children = (
				D263644E1EA9E38B00C4ED29 /* _____UITests.m */,
				D26364501EA9E38B00C4ED29 /* Info.plist */,
			);
			path = "胎心监测图UITests";
			sourceTree = "<group>";
		};
		D263647D1EA9E4C300C4ED29 /* MChart */ = {
			isa = PBXGroup;
			children = (
				D263647E1EA9E4E400C4ED29 /* MChartView.h */,
				D263647F1EA9E4E400C4ED29 /* MChartView.m */,
				D26364811EA9F87C00C4ED29 /* MChartMainView.h */,
				D26364821EA9F87C00C4ED29 /* MChartMainView.m */,
			);
			name = MChart;
			sourceTree = "<group>";
		};
/* End PBXGroup section */

/* Begin PBXNativeTarget section */
		D26364251EA9E38B00C4ED29 /* 胎心监测图 */ = {
			isa = PBXNativeTarget;
			buildConfigurationList = D26364531EA9E38B00C4ED29 /* Build configuration list for PBXNativeTarget "胎心监测图" */;
			buildPhases = (
				D26364221EA9E38B00C4ED29 /* Sources */,
				D26364231EA9E38B00C4ED29 /* Frameworks */,
				D26364241EA9E38B00C4ED29 /* Resources */,
			);
			buildRules = (
			);
			dependencies = (
			);
			name = "胎心监测图";
			productName = "胎心监测图";
			productReference = D26364261EA9E38B00C4ED29 /* 胎心监测图.app */;
			productType = "com.apple.product-type.application";
		};
		D263643E1EA9E38B00C4ED29 /* 胎心监测图Tests */ = {
			isa = PBXNativeTarget;
			buildConfigurationList = D26364561EA9E38B00C4ED29 /* Build configuration list for PBXNativeTarget "胎心监测图Tests" */;
			buildPhases = (
				D263643B1EA9E38B00C4ED29 /* Sources */,
				D263643C1EA9E38B00C4ED29 /* Frameworks */,
				D263643D1EA9E38B00C4ED29 /* Resources */,
			);
			buildRules = (
			);
			dependencies = (
				D26364411EA9E38B00C4ED29 /* PBXTargetDependency */,
			);
			name = "胎心监测图Tests";
			productName = "胎心监测图Tests";
			productReference = D263643F1EA9E38B00C4ED29 /* 胎心监测图Tests.xctest */;
			productType = "com.apple.product-type.bundle.unit-test";
		};
		D26364491EA9E38B00C4ED29 /* 胎心监测图UITests */ = {
			isa = PBXNativeTarget;
			buildConfigurationList = D26364591EA9E38B00C4ED29 /* Build configuration list for PBXNativeTarget "胎心监测图UITests" */;
			buildPhases = (
				D26364461EA9E38B00C4ED29 /* Sources */,
				D26364471EA9E38B00C4ED29 /* Frameworks */,
				D26364481EA9E38B00C4ED29 /* Resources */,
			);
			buildRules = (
			);
			dependencies = (
				D263644C1EA9E38B00C4ED29 /* PBXTargetDependency */,
			);
			name = "胎心监测图UITests";
			productName = "胎心监测图UITests";
			productReference = D263644A1EA9E38B00C4ED29 /* 胎心监测图UITests.xctest */;
			productType = "com.apple.product-type.bundle.ui-testing";
		};
/* End PBXNativeTarget section */

/* Begin PBXProject section */
		D263641E1EA9E38B00C4ED29 /* Project object */ = {
			isa = PBXProject;
			attributes = {
				LastUpgradeCheck = 0830;
				ORGANIZATIONNAME = "孟家豪";
				TargetAttributes = {
					D26364251EA9E38B00C4ED29 = {
						CreatedOnToolsVersion = 8.3.1;
						ProvisioningStyle = Automatic;
					};
					D263643E1EA9E38B00C4ED29 = {
						CreatedOnToolsVersion = 8.3.1;
						ProvisioningStyle = Automatic;
						TestTargetID = D26364251EA9E38B00C4ED29;
					};
					D26364491EA9E38B00C4ED29 = {
						CreatedOnToolsVersion = 8.3.1;
						ProvisioningStyle = Automatic;
						TestTargetID = D26364251EA9E38B00C4ED29;
					};
				};
			};
			buildConfigurationList = D26364211EA9E38B00C4ED29 /* Build configuration list for PBXProject "胎心监测图" */;
			compatibilityVersion = "Xcode 3.2";
			developmentRegion = English;
			hasScannedForEncodings = 0;
			knownRegions = (
				en,
				Base,
			);
			mainGroup = D263641D1EA9E38B00C4ED29;
			productRefGroup = D26364271EA9E38B00C4ED29 /* Products */;
			projectDirPath = "";
			projectRoot = "";
			targets = (
				D26364251EA9E38B00C4ED29 /* 胎心监测图 */,
				D263643E1EA9E38B00C4ED29 /* 胎心监测图Tests */,
				D26364491EA9E38B00C4ED29 /* 胎心监测图UITests */,
			);
		};
/* End PBXProject section */

/* Begin PBXResourcesBuildPhase section */
		D26364241EA9E38B00C4ED29 /* Resources */ = {
			isa = PBXResourcesBuildPhase;
			buildActionMask = 2147483647;
			files = (
				D26364391EA9E38B00C4ED29 /* LaunchScreen.storyboard in Resources */,
				D26364361EA9E38B00C4ED29 /* Assets.xcassets in Resources */,
				D26364341EA9E38B00C4ED29 /* Main.storyboard in Resources */,
			);
			runOnlyForDeploymentPostprocessing = 0;
		};
		D263643D1EA9E38B00C4ED29 /* Resources */ = {
			isa = PBXResourcesBuildPhase;
			buildActionMask = 2147483647;
			files = (
			);
			runOnlyForDeploymentPostprocessing = 0;
		};
		D26364481EA9E38B00C4ED29 /* Resources */ = {
			isa = PBXResourcesBuildPhase;
			buildActionMask = 2147483647;
			files = (
			);
			runOnlyForDeploymentPostprocessing = 0;
		};
/* End PBXResourcesBuildPhase section */

/* Begin PBXSourcesBuildPhase section */
		D26364221EA9E38B00C4ED29 /* Sources */ = {
			isa = PBXSourcesBuildPhase;
			buildActionMask = 2147483647;
			files = (
				D26364311EA9E38B00C4ED29 /* ViewController.m in Sources */,
				D26364831EA9F87C00C4ED29 /* MChartMainView.m in Sources */,
				D26364801EA9E4E400C4ED29 /* MChartView.m in Sources */,
				D263642E1EA9E38B00C4ED29 /* AppDelegate.m in Sources */,
				D263642B1EA9E38B00C4ED29 /* main.m in Sources */,
			);
			runOnlyForDeploymentPostprocessing = 0;
		};
		D263643B1EA9E38B00C4ED29 /* Sources */ = {
			isa = PBXSourcesBuildPhase;
			buildActionMask = 2147483647;
			files = (
				D26364441EA9E38B00C4ED29 /* _____Tests.m in Sources */,
			);
			runOnlyForDeploymentPostprocessing = 0;
		};
		D26364461EA9E38B00C4ED29 /* Sources */ = {
			isa = PBXSourcesBuildPhase;
			buildActionMask = 2147483647;
			files = (
				D263644F1EA9E38B00C4ED29 /* _____UITests.m in Sources */,
			);
			runOnlyForDeploymentPostprocessing = 0;
		};
/* End PBXSourcesBuildPhase section */

/* Begin PBXTargetDependency section */
		D26364411EA9E38B00C4ED29 /* PBXTargetDependency */ = {
			isa = PBXTargetDependency;
			target = D26364251EA9E38B00C4ED29 /* 胎心监测图 */;
			targetProxy = D26364401EA9E38B00C4ED29 /* PBXContainerItemProxy */;
		};
		D263644C1EA9E38B00C4ED29 /* PBXTargetDependency */ = {
			isa = PBXTargetDependency;
			target = D26364251EA9E38B00C4ED29 /* 胎心监测图 */;
			targetProxy = D263644B1EA9E38B00C4ED29 /* PBXContainerItemProxy */;
		};
/* End PBXTargetDependency section */

/* Begin PBXVariantGroup section */
		D26364321EA9E38B00C4ED29 /* Main.storyboard */ = {
			isa = PBXVariantGroup;
			children = (
				D26364331EA9E38B00C4ED29 /* Base */,
			);
			name = Main.storyboard;
			sourceTree = "<group>";
		};
		D26364371EA9E38B00C4ED29 /* LaunchScreen.storyboard */ = {
			isa = PBXVariantGroup;
			children = (
				D26364381EA9E38B00C4ED29 /* Base */,
			);
			name = LaunchScreen.storyboard;
			sourceTree = "<group>";
		};
/* End PBXVariantGroup section */

/* Begin XCBuildConfiguration section */
		D26364511EA9E38B00C4ED29 /* Debug */ = {
			isa = XCBuildConfiguration;
			buildSettings = {
				ALWAYS_SEARCH_USER_PATHS = NO;
				CLANG_ANALYZER_NONNULL = YES;
				CLANG_ANALYZER_NUMBER_OBJECT_CONVERSION = YES_AGGRESSIVE;
				CLANG_CXX_LANGUAGE_STANDARD = "gnu++0x";
				CLANG_CXX_LIBRARY = "libc++";
				CLANG_ENABLE_MODULES = YES;
				CLANG_ENABLE_OBJC_ARC = YES;
				CLANG_WARN_BOOL_CONVERSION = YES;
				CLANG_WARN_CONSTANT_CONVERSION = YES;
				CLANG_WARN_DIRECT_OBJC_ISA_USAGE = YES_ERROR;
				CLANG_WARN_DOCUMENTATION_COMMENTS = YES;
				CLANG_WARN_EMPTY_BODY = YES;
				CLANG_WARN_ENUM_CONVERSION = YES;
				CLANG_WARN_INFINITE_RECURSION = YES;
				CLANG_WARN_INT_CONVERSION = YES;
				CLANG_WARN_OBJC_ROOT_CLASS = YES_ERROR;
				CLANG_WARN_SUSPICIOUS_MOVE = YES;
				CLANG_WARN_UNREACHABLE_CODE = YES;
				CLANG_WARN__DUPLICATE_METHOD_MATCH = YES;
				"CODE_SIGN_IDENTITY[sdk=iphoneos*]" = "iPhone Developer";
				COPY_PHASE_STRIP = NO;
				DEBUG_INFORMATION_FORMAT = dwarf;
				ENABLE_STRICT_OBJC_MSGSEND = YES;
				ENABLE_TESTABILITY = YES;
				GCC_C_LANGUAGE_STANDARD = gnu99;
				GCC_DYNAMIC_NO_PIC = NO;
				GCC_NO_COMMON_BLOCKS = YES;
				GCC_OPTIMIZATION_LEVEL = 0;
				GCC_PREPROCESSOR_DEFINITIONS = (
					"DEBUG=1",
					"$(inherited)",
				);
				GCC_WARN_64_TO_32_BIT_CONVERSION = YES;
				GCC_WARN_ABOUT_RETURN_TYPE = YES_ERROR;
				GCC_WARN_UNDECLARED_SELECTOR = YES;
				GCC_WARN_UNINITIALIZED_AUTOS = YES_AGGRESSIVE;
				GCC_WARN_UNUSED_FUNCTION = YES;
				GCC_WARN_UNUSED_VARIABLE = YES;
				IPHONEOS_DEPLOYMENT_TARGET = 10.3;
				MTL_ENABLE_DEBUG_INFO = YES;
				ONLY_ACTIVE_ARCH = YES;
				SDKROOT = iphoneos;
				TARGETED_DEVICE_FAMILY = "1,2";
			};
			name = Debug;
		};
		D26364521EA9E38B00C4ED29 /* Release */ = {
			isa = XCBuildConfiguration;
			buildSettings = {
				ALWAYS_SEARCH_USER_PATHS = NO;
				CLANG_ANALYZER_NONNULL = YES;
				CLANG_ANALYZER_NUMBER_OBJECT_CONVERSION = YES_AGGRESSIVE;
				CLANG_CXX_LANGUAGE_STANDARD = "gnu++0x";
				CLANG_CXX_LIBRARY = "libc++";
				CLANG_ENABLE_MODULES = YES;
				CLANG_ENABLE_OBJC_ARC = YES;
				CLANG_WARN_BOOL_CONVERSION = YES;
				CLANG_WARN_CONSTANT_CONVERSION = YES;
				CLANG_WARN_DIRECT_OBJC_ISA_USAGE = YES_ERROR;
				CLANG_WARN_DOCUMENTATION_COMMENTS = YES;
				CLANG_WARN_EMPTY_BODY = YES;
				CLANG_WARN_ENUM_CONVERSION = YES;
				CLANG_WARN_INFINITE_RECURSION = YES;
				CLANG_WARN_INT_CONVERSION = YES;
				CLANG_WARN_OBJC_ROOT_CLASS = YES_ERROR;
				CLANG_WARN_SUSPICIOUS_MOVE = YES;
				CLANG_WARN_UNREACHABLE_CODE = YES;
				CLANG_WARN__DUPLICATE_METHOD_MATCH = YES;
				"CODE_SIGN_IDENTITY[sdk=iphoneos*]" = "iPhone Developer";
				COPY_PHASE_STRIP = NO;
				DEBUG_INFORMATION_FORMAT = "dwarf-with-dsym";
				ENABLE_NS_ASSERTIONS = NO;
				ENABLE_STRICT_OBJC_MSGSEND = YES;
				GCC_C_LANGUAGE_STANDARD = gnu99;
				GCC_NO_COMMON_BLOCKS = YES;
				GCC_WARN_64_TO_32_BIT_CONVERSION = YES;
				GCC_WARN_ABOUT_RETURN_TYPE = YES_ERROR;
				GCC_WARN_UNDECLARED_SELECTOR = YES;
				GCC_WARN_UNINITIALIZED_AUTOS = YES_AGGRESSIVE;
				GCC_WARN_UNUSED_FUNCTION = YES;
				GCC_WARN_UNUSED_VARIABLE = YES;
				IPHONEOS_DEPLOYMENT_TARGET = 10.3;
				MTL_ENABLE_DEBUG_INFO = NO;
				SDKROOT = iphoneos;
				TARGETED_DEVICE_FAMILY = "1,2";
				VALIDATE_PRODUCT = YES;
			};
			name = Release;
		};
		D26364541EA9E38B00C4ED29 /* Debug */ = {
			isa = XCBuildConfiguration;
			buildSettings = {
				ASSETCATALOG_COMPILER_APPICON_NAME = AppIcon;
				INFOPLIST_FILE = "胎心监测图/Info.plist";
				LD_RUNPATH_SEARCH_PATHS = "$(inherited) @executable_path/Frameworks";
				PRODUCT_BUNDLE_IDENTIFIER = "com.mjh.-----";
				PRODUCT_NAME = "$(TARGET_NAME)";
			};
			name = Debug;
		};
		D26364551EA9E38B00C4ED29 /* Release */ = {
			isa = XCBuildConfiguration;
			buildSettings = {
				ASSETCATALOG_COMPILER_APPICON_NAME = AppIcon;
				INFOPLIST_FILE = "胎心监测图/Info.plist";
				LD_RUNPATH_SEARCH_PATHS = "$(inherited) @executable_path/Frameworks";
				PRODUCT_BUNDLE_IDENTIFIER = "com.mjh.-----";
				PRODUCT_NAME = "$(TARGET_NAME)";
			};
			name = Release;
		};
		D26364571EA9E38B00C4ED29 /* Debug */ = {
			isa = XCBuildConfiguration;
			buildSettings = {
				BUNDLE_LOADER = "$(TEST_HOST)";
				INFOPLIST_FILE = "胎心监测图Tests/Info.plist";
				LD_RUNPATH_SEARCH_PATHS = "$(inherited) @executable_path/Frameworks @loader_path/Frameworks";
				PRODUCT_BUNDLE_IDENTIFIER = "com.mjh.-----Tests";
				PRODUCT_NAME = "$(TARGET_NAME)";
				TEST_HOST = "$(BUILT_PRODUCTS_DIR)/胎心监测图.app/胎心监测图";
			};
			name = Debug;
		};
		D26364581EA9E38B00C4ED29 /* Release */ = {
			isa = XCBuildConfiguration;
			buildSettings = {
				BUNDLE_LOADER = "$(TEST_HOST)";
				INFOPLIST_FILE = "胎心监测图Tests/Info.plist";
				LD_RUNPATH_SEARCH_PATHS = "$(inherited) @executable_path/Frameworks @loader_path/Frameworks";
				PRODUCT_BUNDLE_IDENTIFIER = "com.mjh.-----Tests";
				PRODUCT_NAME = "$(TARGET_NAME)";
				TEST_HOST = "$(BUILT_PRODUCTS_DIR)/胎心监测图.app/胎心监测图";
			};
			name = Release;
		};
		D263645A1EA9E38B00C4ED29 /* Debug */ = {
			isa = XCBuildConfiguration;
			buildSettings = {
				INFOPLIST_FILE = "胎心监测图UITests/Info.plist";
				LD_RUNPATH_SEARCH_PATHS = "$(inherited) @executable_path/Frameworks @loader_path/Frameworks";
				PRODUCT_BUNDLE_IDENTIFIER = "com.mjh.-----UITests";
				PRODUCT_NAME = "$(TARGET_NAME)";
				TEST_TARGET_NAME = "胎心监测图";
			};
			name = Debug;
		};
		D263645B1EA9E38B00C4ED29 /* Release */ = {
			isa = XCBuildConfiguration;
			buildSettings = {
				INFOPLIST_FILE = "胎心监测图UITests/Info.plist";
				LD_RUNPATH_SEARCH_PATHS = "$(inherited) @executable_path/Frameworks @loader_path/Frameworks";
				PRODUCT_BUNDLE_IDENTIFIER = "com.mjh.-----UITests";
				PRODUCT_NAME = "$(TARGET_NAME)";
				TEST_TARGET_NAME = "胎心监测图";
			};
			name = Release;
		};
/* End XCBuildConfiguration section */

/* Begin XCConfigurationList section */
		D26364211EA9E38B00C4ED29 /* Build configuration list for PBXProject "胎心监测图" */ = {
			isa = XCConfigurationList;
			buildConfigurations = (
				D26364511EA9E38B00C4ED29 /* Debug */,
				D26364521EA9E38B00C4ED29 /* Release */,
			);
			defaultConfigurationIsVisible = 0;
			defaultConfigurationName = Release;
		};
		D26364531EA9E38B00C4ED29 /* Build configuration list for PBXNativeTarget "胎心监测图" */ = {
			isa = XCConfigurationList;
			buildConfigurations = (
				D26364541EA9E38B00C4ED29 /* Debug */,
				D26364551EA9E38B00C4ED29 /* Release */,
			);
			defaultConfigurationIsVisible = 0;
		};
		D26364561EA9E38B00C4ED29 /* Build configuration list for PBXNativeTarget "胎心监测图Tests" */ = {
			isa = XCConfigurationList;
			buildConfigurations = (
				D26364571EA9E38B00C4ED29 /* Debug */,
				D26364581EA9E38B00C4ED29 /* Release */,
			);
			defaultConfigurationIsVisible = 0;
		};
		D26364591EA9E38B00C4ED29 /* Build configuration list for PBXNativeTarget "胎心监测图UITests" */ = {
			isa = XCConfigurationList;
			buildConfigurations = (
				D263645A1EA9E38B00C4ED29 /* Debug */,
				D263645B1EA9E38B00C4ED29 /* Release */,
			);
			defaultConfigurationIsVisible = 0;
		};
/* End XCConfigurationList section */
	};
	rootObject = D263641E1EA9E38B00C4ED29 /* Project object */;
}
